
Microsoft Visual Studio Solution File, Format Version 12.00
# Visual Studio 15
VisualStudioVersion = 15.0.27428.2015
MinimumVisualStudioVersion = 10.0.40219.1
Project("{FAE04EC0-301F-11D3-BF4B-00C04F79EFBC}") = "WindowsFormsUI", "WindowsFormsUI\WindowsFormsUI.csproj", "{740B12F8-3A24-4AD8-A4DF-18AE246B9644}"
EndProject
Project("{FAE04EC0-301F-11D3-BF4B-00C04F79EFBC}") = "ProgramGraficznyClasses", "ProgramGraficznyClasses\ProgramGraficznyClasses.csproj", "{9BA1C31C-428D-4235-A9E5-57CECE18B72E}"
EndProject
Global
	GlobalSection(SolutionConfigurationPlatforms) = preSolution
		Debug|Any CPU = Debug|Any CPU
		Release|Any CPU = Release|Any CPU
	EndGlobalSection
	GlobalSection(ProjectConfigurationPlatforms) = postSolution
		{740B12F8-3A24-4AD8-A4DF-18AE246B9644}.Debug|Any CPU.ActiveCfg = Debug|Any CPU
		{740B12F8-3A24-4AD8-A4DF-18AE246B9644}.Debug|Any CPU.Build.0 = Debug|Any CPU
		{740B12F8-3A24-4AD8-A4DF-18AE246B9644}.Release|Any CPU.ActiveCfg = Release|Any CPU
		{740B12F8-3A24-4AD8-A4DF-18AE246B9644}.Release|Any CPU.Build.0 = Release|Any CPU
		{9BA1C31C-428D-4235-A9E5-57CECE18B72E}.Debug|Any CPU.ActiveCfg = Debug|Any CPU
		{9BA1C31C-428D-4235-A9E5-57CECE18B72E}.Debug|Any CPU.Build.0 = Debug|Any CPU
		{9BA1C31C-428D-4235-A9E5-57CECE18B72E}.Release|Any CPU.ActiveCfg = Release|Any CPU
		{9BA1C31C-428D-4235-A9E5-57CECE18B72E}.Release|Any CPU.Build.0 = Release|Any CPU
	EndGlobalSection
	GlobalSection(SolutionProperties) = preSolution
		HideSolutionNode = FALSE
	EndGlobalSection
	GlobalSection(ExtensibilityGlobals) = postSolution
		SolutionGuid = {4E599E76-6B08-4C87-8160-2A631014A701}
	EndGlobalSection
EndGlobal
